
Microsoft Visual Studio Solution File, Format Version 12.00
Project("{FAE04EC0-301F-11D3-BF4B-00C04F79EFBC}") = "PharmaPortalService.Api", "PharmaPortalService.Api\PharmaPortalService.Api.csproj", "{A33447B6-804A-4B7C-9240-6AE0A4E51A32}"
EndProject
Project("{FAE04EC0-301F-11D3-BF4B-00C04F79EFBC}") = "PharmaPortalService.Domain", "PharmaPortalService.Domain\PharmaPortalService.Domain.csproj", "{72ACF78B-AD1C-4B5E-9A20-987CD3175025}"
EndProject
Project("{FAE04EC0-301F-11D3-BF4B-00C04F79EFBC}") = "PharmaPortalService.Infrastructure", "PharmaPortalService.Infrastructure\PharmaPortalService.Infrastructure.csproj", "{C36491D0-6F5E-4D61-9385-96B2A96E1796}"
EndProject
Global
	GlobalSection(SolutionConfigurationPlatforms) = preSolution
		Debug|Any CPU = Debug|Any CPU
		Release|Any CPU = Release|Any CPU
	EndGlobalSection
	GlobalSection(ProjectConfigurationPlatforms) = postSolution
		{A33447B6-804A-4B7C-9240-6AE0A4E51A32}.Debug|Any CPU.ActiveCfg = Debug|Any CPU
		{A33447B6-804A-4B7C-9240-6AE0A4E51A32}.Debug|Any CPU.Build.0 = Debug|Any CPU
		{A33447B6-804A-4B7C-9240-6AE0A4E51A32}.Release|Any CPU.ActiveCfg = Release|Any CPU
		{A33447B6-804A-4B7C-9240-6AE0A4E51A32}.Release|Any CPU.Build.0 = Release|Any CPU
		{72ACF78B-AD1C-4B5E-9A20-987CD3175025}.Debug|Any CPU.ActiveCfg = Debug|Any CPU
		{72ACF78B-AD1C-4B5E-9A20-987CD3175025}.Debug|Any CPU.Build.0 = Debug|Any CPU
		{72ACF78B-AD1C-4B5E-9A20-987CD3175025}.Release|Any CPU.ActiveCfg = Release|Any CPU
		{72ACF78B-AD1C-4B5E-9A20-987CD3175025}.Release|Any CPU.Build.0 = Release|Any CPU
		{C36491D0-6F5E-4D61-9385-96B2A96E1796}.Debug|Any CPU.ActiveCfg = Debug|Any CPU
		{C36491D0-6F5E-4D61-9385-96B2A96E1796}.Debug|Any CPU.Build.0 = Debug|Any CPU
		{C36491D0-6F5E-4D61-9385-96B2A96E1796}.Release|Any CPU.ActiveCfg = Release|Any CPU
		{C36491D0-6F5E-4D61-9385-96B2A96E1796}.Release|Any CPU.Build.0 = Release|Any CPU
	EndGlobalSection
EndGlobal
